
Microsoft Visual Studio Solution File, Format Version 12.00
# Visual Studio Version 17
VisualStudioVersion = 17.14.36408.4
MinimumVisualStudioVersion = 10.0.40219.1
Project("{FAE04EC0-301F-11D3-BF4B-00C04F79EFBC}") = "WarehouseManagement.BackendServer", "src\WarehouseManagement.BackendServer\WarehouseManagement.BackendServer.csproj", "{4C6D7742-A098-48FD-8CD3-F4B16E7CFDD1}"
EndProject
Project("{FAE04EC0-301F-11D3-BF4B-00C04F79EFBC}") = "WarehouseManagement.WebPortal", "src\WarehouseManagement.WebPortal\WarehouseManagement.WebPortal.csproj", "{CE19BB83-CD4D-4F7E-AD35-6236CEE96660}"
EndProject
Project("{FAE04EC0-301F-11D3-BF4B-00C04F79EFBC}") = "WarehouseManagement.ViewModels", "src\WarehouseManagement.ViewModels\WarehouseManagement.ViewModels.csproj", "{5A100ADD-8C7A-40B9-A229-0A969C9FAE10}"
EndProject
Project("{2150E333-8FDC-42A3-9474-1A3956D46DE8}") = "Tests", "Tests", "{02EA681E-C7D8-13C7-8484-4AC65E1B71E8}"
EndProject
Project("{FAE04EC0-301F-11D3-BF4B-00C04F79EFBC}") = "WarehouseManagement.UnitTest", "test\WarehouseManagement.UnitTest\WarehouseManagement.UnitTest.csproj", "{CDE417B7-4204-4DCE-B661-F0454C83C735}"
EndProject
Global
	GlobalSection(SolutionConfigurationPlatforms) = preSolution
		Debug|Any CPU = Debug|Any CPU
		Release|Any CPU = Release|Any CPU
	EndGlobalSection
	GlobalSection(ProjectConfigurationPlatforms) = postSolution
		{4C6D7742-A098-48FD-8CD3-F4B16E7CFDD1}.Debug|Any CPU.ActiveCfg = Debug|Any CPU
		{4C6D7742-A098-48FD-8CD3-F4B16E7CFDD1}.Debug|Any CPU.Build.0 = Debug|Any CPU
		{4C6D7742-A098-48FD-8CD3-F4B16E7CFDD1}.Release|Any CPU.ActiveCfg = Release|Any CPU
		{4C6D7742-A098-48FD-8CD3-F4B16E7CFDD1}.Release|Any CPU.Build.0 = Release|Any CPU
		{CE19BB83-CD4D-4F7E-AD35-6236CEE96660}.Debug|Any CPU.ActiveCfg = Debug|Any CPU
		{CE19BB83-CD4D-4F7E-AD35-6236CEE96660}.Debug|Any CPU.Build.0 = Debug|Any CPU
		{CE19BB83-CD4D-4F7E-AD35-6236CEE96660}.Release|Any CPU.ActiveCfg = Release|Any CPU
		{CE19BB83-CD4D-4F7E-AD35-6236CEE96660}.Release|Any CPU.Build.0 = Release|Any CPU
		{5A100ADD-8C7A-40B9-A229-0A969C9FAE10}.Debug|Any CPU.ActiveCfg = Debug|Any CPU
		{5A100ADD-8C7A-40B9-A229-0A969C9FAE10}.Debug|Any CPU.Build.0 = Debug|Any CPU
		{5A100ADD-8C7A-40B9-A229-0A969C9FAE10}.Release|Any CPU.ActiveCfg = Release|Any CPU
		{5A100ADD-8C7A-40B9-A229-0A969C9FAE10}.Release|Any CPU.Build.0 = Release|Any CPU
		{CDE417B7-4204-4DCE-B661-F0454C83C735}.Debug|Any CPU.ActiveCfg = Debug|Any CPU
		{CDE417B7-4204-4DCE-B661-F0454C83C735}.Debug|Any CPU.Build.0 = Debug|Any CPU
		{CDE417B7-4204-4DCE-B661-F0454C83C735}.Release|Any CPU.ActiveCfg = Release|Any CPU
		{CDE417B7-4204-4DCE-B661-F0454C83C735}.Release|Any CPU.Build.0 = Release|Any CPU
	EndGlobalSection
	GlobalSection(SolutionProperties) = preSolution
		HideSolutionNode = FALSE
	EndGlobalSection
	GlobalSection(NestedProjects) = preSolution
		{CDE417B7-4204-4DCE-B661-F0454C83C735} = {02EA681E-C7D8-13C7-8484-4AC65E1B71E8}
	EndGlobalSection
	GlobalSection(ExtensibilityGlobals) = postSolution
		SolutionGuid = {ECA1C381-4015-44FD-BF48-F91C6546B306}
	EndGlobalSection
EndGlobal
